
Microsoft Visual Studio Solution File, Format Version 12.00
# Visual Studio Version 16
VisualStudioVersion = 16.0.30011.22
MinimumVisualStudioVersion = 10.0.40219.1
Project("{FAE04EC0-301F-11D3-BF4B-00C04F79EFBC}") = "TDD_RomanNumerals.Tests", "TDD_RomanNumerals.Tests\TDD_RomanNumerals.Tests.csproj", "{DACCA3A3-13AE-468F-9E16-413FB3A5096B}"
EndProject
Global
	GlobalSection(SolutionConfigurationPlatforms) = preSolution
		Debug|Any CPU = Debug|Any CPU
		Release|Any CPU = Release|Any CPU
	EndGlobalSection
	GlobalSection(ProjectConfigurationPlatforms) = postSolution
		{DACCA3A3-13AE-468F-9E16-413FB3A5096B}.Debug|Any CPU.ActiveCfg = Debug|Any CPU
		{DACCA3A3-13AE-468F-9E16-413FB3A5096B}.Debug|Any CPU.Build.0 = Debug|Any CPU
		{DACCA3A3-13AE-468F-9E16-413FB3A5096B}.Release|Any CPU.ActiveCfg = Release|Any CPU
		{DACCA3A3-13AE-468F-9E16-413FB3A5096B}.Release|Any CPU.Build.0 = Release|Any CPU
	EndGlobalSection
	GlobalSection(SolutionProperties) = preSolution
		HideSolutionNode = FALSE
	EndGlobalSection
	GlobalSection(ExtensibilityGlobals) = postSolution
		SolutionGuid = {EC42E094-1C6B-4569-A568-85DBF3E500E9}
	EndGlobalSection
EndGlobal
